
Microsoft Visual Studio Solution File, Format Version 12.00
# Visual Studio 15
VisualStudioVersion = 15.0.27428.2005
MinimumVisualStudioVersion = 10.0.40219.1
Project("{FAE04EC0-301F-11D3-BF4B-00C04F79EFBC}") = "QueryDataApp", "QueryDataApp\QueryDataApp.csproj", "{1C34D1BF-8E74-498F-8255-7CFAC9C33B9D}"
	ProjectSection(ProjectDependencies) = postProject
		{CF34E84E-15BE-43DD-BD38-57389233F0C6} = {CF34E84E-15BE-43DD-BD38-57389233F0C6}
	EndProjectSection
EndProject
Project("{2150E333-8FDC-42A3-9474-1A3956D46DE8}") = "1_PresentationLayer", "1_PresentationLayer", "{9BB20AA8-9B0E-4BE4-A703-B6EFBA39BC61}"
EndProject
Project("{2150E333-8FDC-42A3-9474-1A3956D46DE8}") = "2_ServiceLayer", "2_ServiceLayer", "{16BF4F98-C6C6-465D-8E8A-77168B157A21}"
EndProject
Project("{2150E333-8FDC-42A3-9474-1A3956D46DE8}") = "3_DataLayer", "3_DataLayer", "{6E0DD2EF-D78C-4358-8345-503271B2E104}"
EndProject
Project("{2150E333-8FDC-42A3-9474-1A3956D46DE8}") = "X_Shared", "X_Shared", "{E2117866-7996-4827-A9E2-377DCC86D99B}"
EndProject
Project("{2150E333-8FDC-42A3-9474-1A3956D46DE8}") = "4_DataRepositories", "4_DataRepositories", "{4293E958-B2D1-494B-92EE-8D96743A3007}"
EndProject
Project("{2150E333-8FDC-42A3-9474-1A3956D46DE8}") = "1_ServiceLayer", "1_ServiceLayer", "{D7DCAA98-0771-49A4-B157-BF86D60373F4}"
EndProject
Project("{2150E333-8FDC-42A3-9474-1A3956D46DE8}") = "2_DataLayer", "2_DataLayer", "{97548B4A-66C2-4BC1-94CC-802A901B49BE}"
EndProject
Project("{FAE04EC0-301F-11D3-BF4B-00C04F79EFBC}") = "RepoServiceDefinition", "RepoServiceDefinition\RepoServiceDefinition.csproj", "{A7B9B15F-AFB8-438B-BF8B-20B33C526466}"
EndProject
Project("{FAE04EC0-301F-11D3-BF4B-00C04F79EFBC}") = "Shared", "Shared\Shared.csproj", "{52296132-BCB7-4E5D-98F9-5158D1042DB8}"
EndProject
Project("{FAE04EC0-301F-11D3-BF4B-00C04F79EFBC}") = "MqHandling", "MqHandling\MqHandling.csproj", "{C9536DB0-B045-48E9-90B9-47E1308E1883}"
EndProject
Project("{FAE04EC0-301F-11D3-BF4B-00C04F79EFBC}") = "DataHandling", "DataHandling\DataHandling.csproj", "{E8B0AC87-F4F5-450A-A2CE-1F125282D17E}"
EndProject
Project("{FAE04EC0-301F-11D3-BF4B-00C04F79EFBC}") = "CoreDataHandling", "CoreDataHandling\CoreDataHandling.csproj", "{106F7083-39E7-4CB8-98A2-B1353381878E}"
	ProjectSection(ProjectDependencies) = postProject
		{A7B9B15F-AFB8-438B-BF8B-20B33C526466} = {A7B9B15F-AFB8-438B-BF8B-20B33C526466}
	EndProjectSection
EndProject
Project("{FAE04EC0-301F-11D3-BF4B-00C04F79EFBC}") = "MqReceiver", "MqReceiver\MqReceiver.csproj", "{DDB9BDF6-C21C-418F-8ADA-A97BFD02EDB2}"
	ProjectSection(ProjectDependencies) = postProject
		{CF34E84E-15BE-43DD-BD38-57389233F0C6} = {CF34E84E-15BE-43DD-BD38-57389233F0C6}
		{A7B9B15F-AFB8-438B-BF8B-20B33C526466} = {A7B9B15F-AFB8-438B-BF8B-20B33C526466}
	EndProjectSection
EndProject
Project("{FAE04EC0-301F-11D3-BF4B-00C04F79EFBC}") = "ServiceDefinitionCore", "ServiceDefinitionCore\ServiceDefinitionCore.csproj", "{CF34E84E-15BE-43DD-BD38-57389233F0C6}"
EndProject
Project("{FAE04EC0-301F-11D3-BF4B-00C04F79EFBC}") = "AddDataApp", "AddDataApp\AddDataApp.csproj", "{A7FB212A-A13E-4D24-9662-E686297EAD3F}"
	ProjectSection(ProjectDependencies) = postProject
		{CF34E84E-15BE-43DD-BD38-57389233F0C6} = {CF34E84E-15BE-43DD-BD38-57389233F0C6}
		{A7B9B15F-AFB8-438B-BF8B-20B33C526466} = {A7B9B15F-AFB8-438B-BF8B-20B33C526466}
	EndProjectSection
EndProject
Project("{FAE04EC0-301F-11D3-BF4B-00C04F79EFBC}") = "ServiceCoreHost", "ServiceCoreHost\ServiceCoreHost.csproj", "{FF60517F-1DB3-4E9B-B3BE-2F57152A2EDF}"
	ProjectSection(ProjectDependencies) = postProject
		{A7B9B15F-AFB8-438B-BF8B-20B33C526466} = {A7B9B15F-AFB8-438B-BF8B-20B33C526466}
	EndProjectSection
EndProject
Project("{FAE04EC0-301F-11D3-BF4B-00C04F79EFBC}") = "RepoServiceHost", "RepoServiceHost\RepoServiceHost.csproj", "{09987F42-3BB0-42F4-A642-67E80B5FC176}"
EndProject
Global
	GlobalSection(SolutionConfigurationPlatforms) = preSolution
		Debug|Any CPU = Debug|Any CPU
		Release|Any CPU = Release|Any CPU
	EndGlobalSection
	GlobalSection(ProjectConfigurationPlatforms) = postSolution
		{1C34D1BF-8E74-498F-8255-7CFAC9C33B9D}.Debug|Any CPU.ActiveCfg = Debug|Any CPU
		{1C34D1BF-8E74-498F-8255-7CFAC9C33B9D}.Debug|Any CPU.Build.0 = Debug|Any CPU
		{1C34D1BF-8E74-498F-8255-7CFAC9C33B9D}.Release|Any CPU.ActiveCfg = Release|Any CPU
		{1C34D1BF-8E74-498F-8255-7CFAC9C33B9D}.Release|Any CPU.Build.0 = Release|Any CPU
		{A7B9B15F-AFB8-438B-BF8B-20B33C526466}.Debug|Any CPU.ActiveCfg = Debug|Any CPU
		{A7B9B15F-AFB8-438B-BF8B-20B33C526466}.Debug|Any CPU.Build.0 = Debug|Any CPU
		{A7B9B15F-AFB8-438B-BF8B-20B33C526466}.Release|Any CPU.ActiveCfg = Release|Any CPU
		{A7B9B15F-AFB8-438B-BF8B-20B33C526466}.Release|Any CPU.Build.0 = Release|Any CPU
		{52296132-BCB7-4E5D-98F9-5158D1042DB8}.Debug|Any CPU.ActiveCfg = Debug|Any CPU
		{52296132-BCB7-4E5D-98F9-5158D1042DB8}.Debug|Any CPU.Build.0 = Debug|Any CPU
		{52296132-BCB7-4E5D-98F9-5158D1042DB8}.Release|Any CPU.ActiveCfg = Release|Any CPU
		{52296132-BCB7-4E5D-98F9-5158D1042DB8}.Release|Any CPU.Build.0 = Release|Any CPU
		{C9536DB0-B045-48E9-90B9-47E1308E1883}.Debug|Any CPU.ActiveCfg = Debug|Any CPU
		{C9536DB0-B045-48E9-90B9-47E1308E1883}.Debug|Any CPU.Build.0 = Debug|Any CPU
		{C9536DB0-B045-48E9-90B9-47E1308E1883}.Release|Any CPU.ActiveCfg = Release|Any CPU
		{C9536DB0-B045-48E9-90B9-47E1308E1883}.Release|Any CPU.Build.0 = Release|Any CPU
		{E8B0AC87-F4F5-450A-A2CE-1F125282D17E}.Debug|Any CPU.ActiveCfg = Debug|Any CPU
		{E8B0AC87-F4F5-450A-A2CE-1F125282D17E}.Debug|Any CPU.Build.0 = Debug|Any CPU
		{E8B0AC87-F4F5-450A-A2CE-1F125282D17E}.Release|Any CPU.ActiveCfg = Release|Any CPU
		{E8B0AC87-F4F5-450A-A2CE-1F125282D17E}.Release|Any CPU.Build.0 = Release|Any CPU
		{106F7083-39E7-4CB8-98A2-B1353381878E}.Debug|Any CPU.ActiveCfg = Debug|Any CPU
		{106F7083-39E7-4CB8-98A2-B1353381878E}.Debug|Any CPU.Build.0 = Debug|Any CPU
		{106F7083-39E7-4CB8-98A2-B1353381878E}.Release|Any CPU.ActiveCfg = Release|Any CPU
		{106F7083-39E7-4CB8-98A2-B1353381878E}.Release|Any CPU.Build.0 = Release|Any CPU
		{DDB9BDF6-C21C-418F-8ADA-A97BFD02EDB2}.Debug|Any CPU.ActiveCfg = Debug|Any CPU
		{DDB9BDF6-C21C-418F-8ADA-A97BFD02EDB2}.Debug|Any CPU.Build.0 = Debug|Any CPU
		{DDB9BDF6-C21C-418F-8ADA-A97BFD02EDB2}.Release|Any CPU.ActiveCfg = Release|Any CPU
		{DDB9BDF6-C21C-418F-8ADA-A97BFD02EDB2}.Release|Any CPU.Build.0 = Release|Any CPU
		{CF34E84E-15BE-43DD-BD38-57389233F0C6}.Debug|Any CPU.ActiveCfg = Debug|Any CPU
		{CF34E84E-15BE-43DD-BD38-57389233F0C6}.Debug|Any CPU.Build.0 = Debug|Any CPU
		{CF34E84E-15BE-43DD-BD38-57389233F0C6}.Release|Any CPU.ActiveCfg = Release|Any CPU
		{CF34E84E-15BE-43DD-BD38-57389233F0C6}.Release|Any CPU.Build.0 = Release|Any CPU
		{A7FB212A-A13E-4D24-9662-E686297EAD3F}.Debug|Any CPU.ActiveCfg = Debug|Any CPU
		{A7FB212A-A13E-4D24-9662-E686297EAD3F}.Debug|Any CPU.Build.0 = Debug|Any CPU
		{A7FB212A-A13E-4D24-9662-E686297EAD3F}.Release|Any CPU.ActiveCfg = Release|Any CPU
		{A7FB212A-A13E-4D24-9662-E686297EAD3F}.Release|Any CPU.Build.0 = Release|Any CPU
		{FF60517F-1DB3-4E9B-B3BE-2F57152A2EDF}.Debug|Any CPU.ActiveCfg = Debug|Any CPU
		{FF60517F-1DB3-4E9B-B3BE-2F57152A2EDF}.Debug|Any CPU.Build.0 = Debug|Any CPU
		{FF60517F-1DB3-4E9B-B3BE-2F57152A2EDF}.Release|Any CPU.ActiveCfg = Release|Any CPU
		{FF60517F-1DB3-4E9B-B3BE-2F57152A2EDF}.Release|Any CPU.Build.0 = Release|Any CPU
		{09987F42-3BB0-42F4-A642-67E80B5FC176}.Debug|Any CPU.ActiveCfg = Debug|Any CPU
		{09987F42-3BB0-42F4-A642-67E80B5FC176}.Debug|Any CPU.Build.0 = Debug|Any CPU
		{09987F42-3BB0-42F4-A642-67E80B5FC176}.Release|Any CPU.ActiveCfg = Release|Any CPU
		{09987F42-3BB0-42F4-A642-67E80B5FC176}.Release|Any CPU.Build.0 = Release|Any CPU
	EndGlobalSection
	GlobalSection(SolutionProperties) = preSolution
		HideSolutionNode = FALSE
	EndGlobalSection
	GlobalSection(NestedProjects) = preSolution
		{1C34D1BF-8E74-498F-8255-7CFAC9C33B9D} = {9BB20AA8-9B0E-4BE4-A703-B6EFBA39BC61}
		{D7DCAA98-0771-49A4-B157-BF86D60373F4} = {4293E958-B2D1-494B-92EE-8D96743A3007}
		{97548B4A-66C2-4BC1-94CC-802A901B49BE} = {4293E958-B2D1-494B-92EE-8D96743A3007}
		{A7B9B15F-AFB8-438B-BF8B-20B33C526466} = {D7DCAA98-0771-49A4-B157-BF86D60373F4}
		{52296132-BCB7-4E5D-98F9-5158D1042DB8} = {E2117866-7996-4827-A9E2-377DCC86D99B}
		{C9536DB0-B045-48E9-90B9-47E1308E1883} = {E2117866-7996-4827-A9E2-377DCC86D99B}
		{E8B0AC87-F4F5-450A-A2CE-1F125282D17E} = {97548B4A-66C2-4BC1-94CC-802A901B49BE}
		{106F7083-39E7-4CB8-98A2-B1353381878E} = {6E0DD2EF-D78C-4358-8345-503271B2E104}
		{DDB9BDF6-C21C-418F-8ADA-A97BFD02EDB2} = {6E0DD2EF-D78C-4358-8345-503271B2E104}
		{CF34E84E-15BE-43DD-BD38-57389233F0C6} = {16BF4F98-C6C6-465D-8E8A-77168B157A21}
		{A7FB212A-A13E-4D24-9662-E686297EAD3F} = {9BB20AA8-9B0E-4BE4-A703-B6EFBA39BC61}
		{FF60517F-1DB3-4E9B-B3BE-2F57152A2EDF} = {16BF4F98-C6C6-465D-8E8A-77168B157A21}
		{09987F42-3BB0-42F4-A642-67E80B5FC176} = {D7DCAA98-0771-49A4-B157-BF86D60373F4}
	EndGlobalSection
	GlobalSection(ExtensibilityGlobals) = postSolution
		SolutionGuid = {AF33A176-74C0-49AE-AD9B-86FA8ACEC920}
	EndGlobalSection
EndGlobal
